
Microsoft Visual Studio Solution File, Format Version 12.00
# Visual Studio Version 17
VisualStudioVersion = 17.10.35013.160
MinimumVisualStudioVersion = 10.0.40219.1
Project("{9A19103F-16F7-4668-BE54-9A1E7A4F7556}") = "S01.Basic", "S01.Basic\S01.Basic.csproj", "{4B29B6F2-1827-4D0C-AEAD-A3CDE01C3BEE}"
EndProject
Project("{FAE04EC0-301F-11D3-BF4B-00C04F79EFBC}") = "S02.CustomHttpClientHandler", "S02.HttpClientHandler\S02.CustomHttpClientHandler.csproj", "{8397ECB1-F134-4B53-B735-4A5FF51DE2DA}"
EndProject
Project("{FAE04EC0-301F-11D3-BF4B-00C04F79EFBC}") = "Common", "Common\Common.csproj", "{4D4FBE55-AF3F-4958-8C3B-863359898A16}"
EndProject
Project("{FAE04EC0-301F-11D3-BF4B-00C04F79EFBC}") = "S03.TextEmbedding", "S03.TextEmbedding\S03.TextEmbedding.csproj", "{5A1017AA-FB22-45EA-96A9-E7F73387E890}"
EndProject
Project("{FAE04EC0-301F-11D3-BF4B-00C04F79EFBC}") = "S04.SemanticMemory", "S04.SemanticMemory\S04.SemanticMemory.csproj", "{CB83D835-D272-429D-AFD5-7F67B337F885}"
EndProject
Project("{FAE04EC0-301F-11D3-BF4B-00C04F79EFBC}") = "S05.FunctionCall", "S05.FunctionCall\S05.FunctionCall.csproj", "{FC05AD23-66D4-489C-9B30-609E2E131553}"
EndProject
Global
	GlobalSection(SolutionConfigurationPlatforms) = preSolution
		Debug|Any CPU = Debug|Any CPU
		Release|Any CPU = Release|Any CPU
	EndGlobalSection
	GlobalSection(ProjectConfigurationPlatforms) = postSolution
		{4B29B6F2-1827-4D0C-AEAD-A3CDE01C3BEE}.Debug|Any CPU.ActiveCfg = Debug|Any CPU
		{4B29B6F2-1827-4D0C-AEAD-A3CDE01C3BEE}.Debug|Any CPU.Build.0 = Debug|Any CPU
		{4B29B6F2-1827-4D0C-AEAD-A3CDE01C3BEE}.Release|Any CPU.ActiveCfg = Release|Any CPU
		{4B29B6F2-1827-4D0C-AEAD-A3CDE01C3BEE}.Release|Any CPU.Build.0 = Release|Any CPU
		{8397ECB1-F134-4B53-B735-4A5FF51DE2DA}.Debug|Any CPU.ActiveCfg = Debug|Any CPU
		{8397ECB1-F134-4B53-B735-4A5FF51DE2DA}.Debug|Any CPU.Build.0 = Debug|Any CPU
		{8397ECB1-F134-4B53-B735-4A5FF51DE2DA}.Release|Any CPU.ActiveCfg = Release|Any CPU
		{8397ECB1-F134-4B53-B735-4A5FF51DE2DA}.Release|Any CPU.Build.0 = Release|Any CPU
		{4D4FBE55-AF3F-4958-8C3B-863359898A16}.Debug|Any CPU.ActiveCfg = Debug|Any CPU
		{4D4FBE55-AF3F-4958-8C3B-863359898A16}.Debug|Any CPU.Build.0 = Debug|Any CPU
		{4D4FBE55-AF3F-4958-8C3B-863359898A16}.Release|Any CPU.ActiveCfg = Release|Any CPU
		{4D4FBE55-AF3F-4958-8C3B-863359898A16}.Release|Any CPU.Build.0 = Release|Any CPU
		{5A1017AA-FB22-45EA-96A9-E7F73387E890}.Debug|Any CPU.ActiveCfg = Debug|Any CPU
		{5A1017AA-FB22-45EA-96A9-E7F73387E890}.Debug|Any CPU.Build.0 = Debug|Any CPU
		{5A1017AA-FB22-45EA-96A9-E7F73387E890}.Release|Any CPU.ActiveCfg = Release|Any CPU
		{5A1017AA-FB22-45EA-96A9-E7F73387E890}.Release|Any CPU.Build.0 = Release|Any CPU
		{CB83D835-D272-429D-AFD5-7F67B337F885}.Debug|Any CPU.ActiveCfg = Debug|Any CPU
		{CB83D835-D272-429D-AFD5-7F67B337F885}.Debug|Any CPU.Build.0 = Debug|Any CPU
		{CB83D835-D272-429D-AFD5-7F67B337F885}.Release|Any CPU.ActiveCfg = Release|Any CPU
		{CB83D835-D272-429D-AFD5-7F67B337F885}.Release|Any CPU.Build.0 = Release|Any CPU
		{FC05AD23-66D4-489C-9B30-609E2E131553}.Debug|Any CPU.ActiveCfg = Debug|Any CPU
		{FC05AD23-66D4-489C-9B30-609E2E131553}.Debug|Any CPU.Build.0 = Debug|Any CPU
		{FC05AD23-66D4-489C-9B30-609E2E131553}.Release|Any CPU.ActiveCfg = Release|Any CPU
		{FC05AD23-66D4-489C-9B30-609E2E131553}.Release|Any CPU.Build.0 = Release|Any CPU
	EndGlobalSection
	GlobalSection(SolutionProperties) = preSolution
		HideSolutionNode = FALSE
	EndGlobalSection
	GlobalSection(ExtensibilityGlobals) = postSolution
		SolutionGuid = {B1C78E4F-5CF2-45DB-8C6A-E77784999EEC}
	EndGlobalSection
EndGlobal
